{
  "lockfileVersion": 1,
  "configVersion": 1,
  "workspaces": {
    "": {
      "dependencies": {
        "ai-tokenizer": "^1.0.6",
      },
    },
  },
  "packages": {
    "ai-tokenizer": ["ai-tokenizer@1.0.6", "", { "peerDependencies": { "ai": "^5.0.0" }, "optionalPeers": ["ai"] }, "sha512-GaakQFxen0pRH/HIA4v68ZM40llCH27HUYUSBLK+gVuZ57e53pYJe1xFvSTj4sJJjbWU92m1X6NjPWyeWkFDow=="],
  }
}
